
Microsoft Visual Studio Solution File, Format Version 12.00
# Visual Studio 2013
VisualStudioVersion = 12.0.21005.1
MinimumVisualStudioVersion = 10.0.40219.1
Project("{FAE04EC0-301F-11D3-BF4B-00C04F79EFBC}") = "CIDemo", "CIDemo\CIDemo.csproj", "{B2B87ED0-047C-4AED-A843-88AAD46F2094}"
EndProject
Project("{FAE04EC0-301F-11D3-BF4B-00C04F79EFBC}") = "CIDemo.Tests", "CIDemo.Tests\CIDemo.Tests.csproj", "{69633F9D-769A-4310-A4B3-CE51A7FFBB72}"
EndProject
Project("{FAE04EC0-301F-11D3-BF4B-00C04F79EFBC}") = "Arithmatic", "Arithmatic\Arithmatic.csproj", "{1F414055-6D11-411E-AA86-E9B312B40D7B}"
EndProject
Global
	GlobalSection(SolutionConfigurationPlatforms) = preSolution
		Debug|Any CPU = Debug|Any CPU
		Release|Any CPU = Release|Any CPU
	EndGlobalSection
	GlobalSection(ProjectConfigurationPlatforms) = postSolution
		{B2B87ED0-047C-4AED-A843-88AAD46F2094}.Debug|Any CPU.ActiveCfg = Debug|Any CPU
		{B2B87ED0-047C-4AED-A843-88AAD46F2094}.Debug|Any CPU.Build.0 = Debug|Any CPU
		{B2B87ED0-047C-4AED-A843-88AAD46F2094}.Release|Any CPU.ActiveCfg = Release|Any CPU
		{B2B87ED0-047C-4AED-A843-88AAD46F2094}.Release|Any CPU.Build.0 = Release|Any CPU
		{69633F9D-769A-4310-A4B3-CE51A7FFBB72}.Debug|Any CPU.ActiveCfg = Debug|Any CPU
		{69633F9D-769A-4310-A4B3-CE51A7FFBB72}.Debug|Any CPU.Build.0 = Debug|Any CPU
		{69633F9D-769A-4310-A4B3-CE51A7FFBB72}.Release|Any CPU.ActiveCfg = Release|Any CPU
		{69633F9D-769A-4310-A4B3-CE51A7FFBB72}.Release|Any CPU.Build.0 = Release|Any CPU
		{1F414055-6D11-411E-AA86-E9B312B40D7B}.Debug|Any CPU.ActiveCfg = Debug|Any CPU
		{1F414055-6D11-411E-AA86-E9B312B40D7B}.Debug|Any CPU.Build.0 = Debug|Any CPU
		{1F414055-6D11-411E-AA86-E9B312B40D7B}.Release|Any CPU.ActiveCfg = Release|Any CPU
		{1F414055-6D11-411E-AA86-E9B312B40D7B}.Release|Any CPU.Build.0 = Release|Any CPU
	EndGlobalSection
	GlobalSection(SolutionProperties) = preSolution
		HideSolutionNode = FALSE
	EndGlobalSection
EndGlobal
